
Microsoft Visual Studio Solution File, Format Version 12.00
# Visual Studio Version 17
VisualStudioVersion = 17.4.33213.308
MinimumVisualStudioVersion = 10.0.40219.1
Project("{FAE04EC0-301F-11D3-BF4B-00C04F79EFBC}") = "BMI-laskuri", "BMI-laskuri\BMI-laskuri.csproj", "{C7BE0718-3B02-4231-83BB-2951A0BB43D0}"
EndProject
Global
	GlobalSection(SolutionConfigurationPlatforms) = preSolution
		Debug|Any CPU = Debug|Any CPU
		Release|Any CPU = Release|Any CPU
	EndGlobalSection
	GlobalSection(ProjectConfigurationPlatforms) = postSolution
		{C7BE0718-3B02-4231-83BB-2951A0BB43D0}.Debug|Any CPU.ActiveCfg = Debug|Any CPU
		{C7BE0718-3B02-4231-83BB-2951A0BB43D0}.Debug|Any CPU.Build.0 = Debug|Any CPU
		{C7BE0718-3B02-4231-83BB-2951A0BB43D0}.Release|Any CPU.ActiveCfg = Release|Any CPU
		{C7BE0718-3B02-4231-83BB-2951A0BB43D0}.Release|Any CPU.Build.0 = Release|Any CPU
	EndGlobalSection
	GlobalSection(SolutionProperties) = preSolution
		HideSolutionNode = FALSE
	EndGlobalSection
	GlobalSection(ExtensibilityGlobals) = postSolution
		SolutionGuid = {59B6D006-DE00-47B8-A06B-046ECA74DBCA}
	EndGlobalSection
EndGlobal
