
Microsoft Visual Studio Solution File, Format Version 12.00
# Visual Studio Version 17
VisualStudioVersion = 17.4.33213.308
MinimumVisualStudioVersion = 10.0.40219.1
Project("{FAE04EC0-301F-11D3-BF4B-00C04F79EFBC}") = "NopanHeitto", "NopanHeitto\NopanHeitto.csproj", "{2D76E1CE-3900-4034-993E-B8BFA48E0492}"
EndProject
Global
	GlobalSection(SolutionConfigurationPlatforms) = preSolution
		Debug|Any CPU = Debug|Any CPU
		Release|Any CPU = Release|Any CPU
	EndGlobalSection
	GlobalSection(ProjectConfigurationPlatforms) = postSolution
		{2D76E1CE-3900-4034-993E-B8BFA48E0492}.Debug|Any CPU.ActiveCfg = Debug|Any CPU
		{2D76E1CE-3900-4034-993E-B8BFA48E0492}.Debug|Any CPU.Build.0 = Debug|Any CPU
		{2D76E1CE-3900-4034-993E-B8BFA48E0492}.Release|Any CPU.ActiveCfg = Release|Any CPU
		{2D76E1CE-3900-4034-993E-B8BFA48E0492}.Release|Any CPU.Build.0 = Release|Any CPU
	EndGlobalSection
	GlobalSection(SolutionProperties) = preSolution
		HideSolutionNode = FALSE
	EndGlobalSection
	GlobalSection(ExtensibilityGlobals) = postSolution
		SolutionGuid = {EFF28EEE-3F66-4E83-935C-D39AFC56418E}
	EndGlobalSection
EndGlobal
